dependencies:
  idf:
    source:
      type: idf
    version: 5.5.0
  lvgl/lvgl:
    dependencies: []
    source:
      path: C:\Users\woode\Desktop\ai\102\Livrable\SD_Displayer\components\lvgl_port\lvgl__lvgl
      type: local
    version: 8.4.0
direct_dependencies:
- idf
- lvgl/lvgl
manifest_hash: a33b97c0df5fd637b6f6b5be4e847dca75026961a7c463ec9484d6ee5a244df3
target: esp32s3
version: 2.0.0
