version: 1
target: esp32s3
manifest_hash: a33b97c0df5fd637b6f6b5be4e847dca75026961a7c463ec9484d6ee5a244df3
direct_dependencies:
- idf
- lvgl/lvgl
dependencies:
  idf:
    source:
      type: idf
    version: "=6.1.0"
  lvgl/lvgl:
    source:
      type: registry
    version: "^9.1.0"
    version: 6.1.0
  lvgl/lvgl:
    dependencies: []
    source:
      type: registry
    version: 9.1.0
direct_dependencies:
- idf
- lvgl/lvgl
manifest_hash: a33b97c0df5fd637b6f6b5be4e847dca75026961a7c463ec9484d6ee5a244df3
target: esp32s3
version: 2.0.0
